
Microsoft Visual Studio Solution File, Format Version 12.00
# Visual Studio Version 17
VisualStudioVersion = 17.13.35806.99
MinimumVisualStudioVersion = 10.0.40219.1
Project("{FAE04EC0-301F-11D3-BF4B-00C04F79EFBC}") = "TimerPomodoro", "TimerPomodoro\TimerPomodoro.csproj", "{678FAFD1-8025-4282-9095-964EE0B8528C}"
EndProject
Global
	GlobalSection(SolutionConfigurationPlatforms) = preSolution
		Debug|Any CPU = Debug|Any CPU
		Release|Any CPU = Release|Any CPU
	EndGlobalSection
	GlobalSection(ProjectConfigurationPlatforms) = postSolution
		{678FAFD1-8025-4282-9095-964EE0B8528C}.Debug|Any CPU.ActiveCfg = Debug|Any CPU
		{678FAFD1-8025-4282-9095-964EE0B8528C}.Debug|Any CPU.Build.0 = Debug|Any CPU
		{678FAFD1-8025-4282-9095-964EE0B8528C}.Debug|Any CPU.Deploy.0 = Debug|Any CPU
		{678FAFD1-8025-4282-9095-964EE0B8528C}.Release|Any CPU.ActiveCfg = Release|Any CPU
		{678FAFD1-8025-4282-9095-964EE0B8528C}.Release|Any CPU.Build.0 = Release|Any CPU
	EndGlobalSection
	GlobalSection(SolutionProperties) = preSolution
		HideSolutionNode = FALSE
	EndGlobalSection
	GlobalSection(ExtensibilityGlobals) = postSolution
		SolutionGuid = {FE72E73E-33E6-4338-B4EC-31B16CE95C58}
	EndGlobalSection
EndGlobal
