
Microsoft Visual Studio Solution File, Format Version 12.00
# Visual Studio Version 17
VisualStudioVersion = 17.13.35818.85 d17.13
MinimumVisualStudioVersion = 10.0.40219.1
Project("{FAE04EC0-301F-11D3-BF4B-00C04F79EFBC}") = "Test mobile.Android", "Test mobile\Test mobile.Android\Test mobile.Android.csproj", "{8DE016A6-B4D4-40BE-A92F-80CECC6E7CB4}"
EndProject
Project("{FAE04EC0-301F-11D3-BF4B-00C04F79EFBC}") = "Test mobile.iOS", "Test mobile\Test mobile.iOS\Test mobile.iOS.csproj", "{321BEBF0-38B7-465D-8ED5-F29DC4CD9528}"
EndProject
Project("{FAE04EC0-301F-11D3-BF4B-00C04F79EFBC}") = "Test mobile", "Test mobile\Test mobile\Test mobile.csproj", "{DEEE79D0-2874-4735-A84F-45316EBCBE8A}"
EndProject
Global
	GlobalSection(SolutionConfigurationPlatforms) = preSolution
		Debug|Any CPU = Debug|Any CPU
		Release|Any CPU = Release|Any CPU
	EndGlobalSection
	GlobalSection(ProjectConfigurationPlatforms) = postSolution
		{8DE016A6-B4D4-40BE-A92F-80CECC6E7CB4}.Debug|Any CPU.ActiveCfg = Debug|Any CPU
		{8DE016A6-B4D4-40BE-A92F-80CECC6E7CB4}.Debug|Any CPU.Build.0 = Debug|Any CPU
		{8DE016A6-B4D4-40BE-A92F-80CECC6E7CB4}.Debug|Any CPU.Deploy.0 = Debug|Any CPU
		{8DE016A6-B4D4-40BE-A92F-80CECC6E7CB4}.Release|Any CPU.ActiveCfg = Release|Any CPU
		{8DE016A6-B4D4-40BE-A92F-80CECC6E7CB4}.Release|Any CPU.Build.0 = Release|Any CPU
		{8DE016A6-B4D4-40BE-A92F-80CECC6E7CB4}.Release|Any CPU.Deploy.0 = Release|Any CPU
		{321BEBF0-38B7-465D-8ED5-F29DC4CD9528}.Debug|Any CPU.ActiveCfg = Debug|iPhone
		{321BEBF0-38B7-465D-8ED5-F29DC4CD9528}.Debug|Any CPU.Build.0 = Debug|iPhone
		{321BEBF0-38B7-465D-8ED5-F29DC4CD9528}.Debug|Any CPU.Deploy.0 = Debug|iPhone
		{321BEBF0-38B7-465D-8ED5-F29DC4CD9528}.Release|Any CPU.ActiveCfg = Release|iPhoneSimulator
		{321BEBF0-38B7-465D-8ED5-F29DC4CD9528}.Release|Any CPU.Build.0 = Release|iPhoneSimulator
		{321BEBF0-38B7-465D-8ED5-F29DC4CD9528}.Release|Any CPU.Deploy.0 = Release|iPhoneSimulator
		{DEEE79D0-2874-4735-A84F-45316EBCBE8A}.Debug|Any CPU.ActiveCfg = Debug|Any CPU
		{DEEE79D0-2874-4735-A84F-45316EBCBE8A}.Debug|Any CPU.Build.0 = Debug|Any CPU
		{DEEE79D0-2874-4735-A84F-45316EBCBE8A}.Debug|Any CPU.Deploy.0 = Debug|Any CPU
		{DEEE79D0-2874-4735-A84F-45316EBCBE8A}.Release|Any CPU.ActiveCfg = Release|Any CPU
		{DEEE79D0-2874-4735-A84F-45316EBCBE8A}.Release|Any CPU.Build.0 = Release|Any CPU
		{DEEE79D0-2874-4735-A84F-45316EBCBE8A}.Release|Any CPU.Deploy.0 = Release|Any CPU
	EndGlobalSection
	GlobalSection(SolutionProperties) = preSolution
		HideSolutionNode = FALSE
	EndGlobalSection
	GlobalSection(ExtensibilityGlobals) = postSolution
		SolutionGuid = {113B8681-D29B-436F-95C1-CD6FEE4EA5D1}
	EndGlobalSection
EndGlobal
